<?xml version="1.0" encoding="utf-8"?>
<Project ToolsVersion="4.0" xmlns="http://schemas.microsoft.com/developer/msbuild/2003">
  <ItemGroup>
    <Filter Include="源文件">
      <UniqueIdentifier>{4FC737F1-C7A5-4376-A066-2A32D752A2FF}</UniqueIdentifier>
      <Extensions>cpp;c;cc;cxx;c++;cppm;ixx;def;odl;idl;hpj;bat;asm;asmx</Extensions>
    </Filter>
    <Filter Include="头文件">
      <UniqueIdentifier>{93995380-89BD-4b04-88EB-625FBE52EBFB}</UniqueIdentifier>
      <Extensions>h;hh;hpp;hxx;h++;hm;inl;inc;ipp;xsd</Extensions>
    </Filter>
    <Filter Include="资源文件">
      <UniqueIdentifier>{67DA6AB6-F800-4c08-8B7A-83BB121AAD01}</UniqueIdentifier>
      <Extensions>rc;ico;cur;bmp;dlg;rc2;rct;bin;rgs;gif;jpg;jpeg;jpe;resx;tiff;tif;png;wav;mfcribbon-ms</Extensions>
    </Filter>
  </ItemGroup>
  <ItemGroup>
    <ClCompile Include="2-第一个C++程序-C++书写HelloWorld.cpp">
      <Filter>源文件</Filter>
    </ClCompile>
    <ClCompile Include="3-程序的注释-单行注释和多行注释.cpp">
      <Filter>源文件</Filter>
    </ClCompile>
    <ClCompile Include="4-变量-变量的使用-变量的意义.cpp">
      <Filter>源文件</Filter>
    </ClCompile>
    <ClCompile Include="5-常量-常量与变量的区别-常量的使用.cpp">
      <Filter>源文件</Filter>
    </ClCompile>
    <ClCompile Include="6-关键字-C++常用的编程关键字.cpp">
      <Filter>源文件</Filter>
    </ClCompile>
    <ClCompile Include="7-标识符命名规则.cpp">
      <Filter>源文件</Filter>
    </ClCompile>
    <ClCompile Include="8-数据类型-整型.cpp">
      <Filter>源文件</Filter>
    </ClCompile>
    <ClCompile Include="9-数据类型-sizeof关键字.cpp">
      <Filter>源文件</Filter>
    </ClCompile>
    <ClCompile Include="10-数据类型-实型.cpp">
      <Filter>源文件</Filter>
    </ClCompile>
    <ClCompile Include="Function.cpp">
      <Filter>源文件</Filter>
    </ClCompile>
    <ClCompile Include="11-数据类型-字符型.cpp">
      <Filter>源文件</Filter>
    </ClCompile>
    <ClCompile Include="12-数据类型-转义字符.cpp">
      <Filter>源文件</Filter>
    </ClCompile>
    <ClCompile Include="13-数据类型-字符串类型.cpp">
      <Filter>源文件</Filter>
    </ClCompile>
    <ClCompile Include="14-数据类型-布尔类型.cpp">
      <Filter>源文件</Filter>
    </ClCompile>
    <ClCompile Include="15-数据类型-数据的输入.cpp">
      <Filter>源文件</Filter>
    </ClCompile>
    <ClCompile Include="16-运算符-算术运算符-加减乘除运算.cpp">
      <Filter>源文件</Filter>
    </ClCompile>
    <ClCompile Include="17-运算符-算术运算符-取模运算.cpp">
      <Filter>源文件</Filter>
    </ClCompile>
    <ClCompile Include="18-运算符-算术运算符-递增递减.cpp">
      <Filter>源文件</Filter>
    </ClCompile>
    <ClCompile Include="19-运算符-赋值运算符.cpp">
      <Filter>源文件</Filter>
    </ClCompile>
    <ClCompile Include="20-运算符-比较运算符.cpp">
      <Filter>源文件</Filter>
    </ClCompile>
    <ClCompile Include="21-运算符-逻辑运算符-非.cpp">
      <Filter>源文件</Filter>
    </ClCompile>
    <ClCompile Include="22-运算符-逻辑运算符-与.cpp">
      <Filter>源文件</Filter>
    </ClCompile>
    <ClCompile Include="23-运算符-逻辑运算符-或.cpp">
      <Filter>源文件</Filter>
    </ClCompile>
    <ClCompile Include="24-程序流程结构-选择结构-单行if语句.cpp">
      <Filter>源文件</Filter>
    </ClCompile>
    <ClCompile Include="25-程序流程结构-选择结构-多行if语句.cpp">
      <Filter>源文件</Filter>
    </ClCompile>
    <ClCompile Include="26-程序流程结构-选择结构-多条件if语句.cpp">
      <Filter>源文件</Filter>
    </ClCompile>
    <ClCompile Include="27-程序流程结构-选择结构-嵌套if语句.cpp">
      <Filter>源文件</Filter>
    </ClCompile>
    <ClCompile Include="28-程序流程结构-选择结构案例-三只小猪称体重.cpp">
      <Filter>源文件</Filter>
    </ClCompile>
    <ClCompile Include="29-程序流程结构-选择结构案例-三目运算符.cpp">
      <Filter>源文件</Filter>
    </ClCompile>
    <ClCompile Include="30-程序流程结构-选择结构-switch语句.cpp">
      <Filter>源文件</Filter>
    </ClCompile>
    <ClCompile Include="31-程序流程结构-循环结构-while语句.cpp">
      <Filter>源文件</Filter>
    </ClCompile>
    <ClCompile Include="32-程序流程结构-循环结构案例-猜数字.cpp">
      <Filter>源文件</Filter>
    </ClCompile>
    <ClCompile Include="33-程序流程结构-循环结构-dowhile语句.cpp">
      <Filter>源文件</Filter>
    </ClCompile>
    <ClCompile Include="34-程序流程结构-循环结构案例-水仙花数.cpp">
      <Filter>源文件</Filter>
    </ClCompile>
    <ClCompile Include="35-程序流程结构-循环结构-for循环.cpp">
      <Filter>源文件</Filter>
    </ClCompile>
    <ClCompile Include="36-程序流程结构-循环结构案例-敲桌子.cpp">
      <Filter>源文件</Filter>
    </ClCompile>
    <ClCompile Include="37-程序流程结构-嵌套循环.cpp">
      <Filter>源文件</Filter>
    </ClCompile>
    <ClCompile Include="38-程序流程结构-嵌套循环案例-乘法口诀表.cpp">
      <Filter>源文件</Filter>
    </ClCompile>
    <ClCompile Include="39-程序流程结构-跳转语句-break语句.cpp">
      <Filter>源文件</Filter>
    </ClCompile>
    <ClCompile Include="40-程序流程结构-跳转语句-continue.cpp">
      <Filter>源文件</Filter>
    </ClCompile>
    <ClCompile Include="41-程序流程结构-跳转语句-goto.cpp">
      <Filter>源文件</Filter>
    </ClCompile>
    <ClCompile Include="42-数组-一维数组定义方式.cpp">
      <Filter>源文件</Filter>
    </ClCompile>
    <ClCompile Include="43-数组-一维数组-数组名.cpp">
      <Filter>源文件</Filter>
    </ClCompile>
    <ClCompile Include="44-数组-一维数组案例-五只小猪称体重.cpp">
      <Filter>源文件</Filter>
    </ClCompile>
    <ClCompile Include="45-数组-一维数组案例-元素逆置.cpp">
      <Filter>源文件</Filter>
    </ClCompile>
    <ClCompile Include="46-数组-一维数组-冒泡排序.cpp">
      <Filter>源文件</Filter>
    </ClCompile>
    <ClCompile Include="47-数组-二维数组定义方式.cpp">
      <Filter>源文件</Filter>
    </ClCompile>
    <ClCompile Include="48-数组-二维数组-数组名.cpp">
      <Filter>源文件</Filter>
    </ClCompile>
    <ClCompile Include="49-数组-二维数组案例-考试成绩统计.cpp">
      <Filter>源文件</Filter>
    </ClCompile>
    <ClCompile Include="50-函数-函数的定义.cpp">
      <Filter>源文件</Filter>
    </ClCompile>
    <ClCompile Include="51-函数-函数的调用.cpp">
      <Filter>源文件</Filter>
    </ClCompile>
    <ClCompile Include="52-函数-值传递.cpp">
      <Filter>源文件</Filter>
    </ClCompile>
    <ClCompile Include="53-函数-常见的样式.cpp">
      <Filter>源文件</Filter>
    </ClCompile>
    <ClCompile Include="54-函数-函数的声明.cpp">
      <Filter>源文件</Filter>
    </ClCompile>
    <ClCompile Include="55-函数-函数的分文件编写.cpp">
      <Filter>源文件</Filter>
    </ClCompile>
    <ClCompile Include="55-函数-函数的分文件编写function.cpp">
      <Filter>源文件</Filter>
    </ClCompile>
    <ClCompile Include="56-指针-指针的定义和使用.cpp">
      <Filter>源文件</Filter>
    </ClCompile>
    <ClCompile Include="57-指针-指针所占内存空间.cpp">
      <Filter>源文件</Filter>
    </ClCompile>
    <ClCompile Include="58-指针-空指针.cpp">
      <Filter>源文件</Filter>
    </ClCompile>
    <ClCompile Include="59-指针-野指针.cpp">
      <Filter>源文件</Filter>
    </ClCompile>
    <ClCompile Include="60-指针-const修饰指针.cpp">
      <Filter>源文件</Filter>
    </ClCompile>
    <ClCompile Include="61-指针-指针和数组.cpp">
      <Filter>源文件</Filter>
    </ClCompile>
    <ClCompile Include="62-指针-指针和函数.cpp">
      <Filter>源文件</Filter>
    </ClCompile>
    <ClCompile Include="63-指针-指针配合数组和函数案例.cpp">
      <Filter>源文件</Filter>
    </ClCompile>
    <ClCompile Include="64-结构体-结构体定义和使用.cpp">
      <Filter>源文件</Filter>
    </ClCompile>
    <ClCompile Include="65-结构体-结构体数组.cpp">
      <Filter>源文件</Filter>
    </ClCompile>
    <ClCompile Include="66-结构体-结构体指针.cpp">
      <Filter>源文件</Filter>
    </ClCompile>
    <ClCompile Include="67-结构体-结构体嵌套结构体.cpp">
      <Filter>源文件</Filter>
    </ClCompile>
    <ClCompile Include="68-结构体-结构体做函数参数.cpp">
      <Filter>源文件</Filter>
    </ClCompile>
    <ClCompile Include="69-结构体-结构体中const使用场景.cpp">
      <Filter>源文件</Filter>
    </ClCompile>
    <ClCompile Include="70-结构体-结构体案例1.cpp">
      <Filter>源文件</Filter>
    </ClCompile>
    <ClCompile Include="71-结构体-结构体案例2.cpp">
      <Filter>源文件</Filter>
    </ClCompile>
    <ClCompile Include="72-01-通讯录管理系统-系统功能介绍及展示.cpp">
      <Filter>源文件</Filter>
    </ClCompile>
    <ClCompile Include="0-目录.cpp">
      <Filter>源文件</Filter>
    </ClCompile>
    <ClCompile Include="73-02-通讯录管理系统-创建项目.cpp">
      <Filter>源文件</Filter>
    </ClCompile>
    <ClCompile Include="74-03-通讯录管理系统-菜单功能.cpp">
      <Filter>源文件</Filter>
    </ClCompile>
    <ClCompile Include="75-04-通讯录管理系统-退出功能实现.cpp">
      <Filter>源文件</Filter>
    </ClCompile>
    <ClCompile Include="76-05-通讯录管理系统-添加联系人-结构体设计.cpp">
      <Filter>源文件</Filter>
    </ClCompile>
    <ClCompile Include="77-06-通讯录管理系统-添加联系人-功能实现.cpp">
      <Filter>源文件</Filter>
    </ClCompile>
    <ClCompile Include="78-07-通讯录管理系统-显示联系人.cpp">
      <Filter>源文件</Filter>
    </ClCompile>
    <ClCompile Include="79-08-通讯录管理系统-删除联系人-检测联系人是否存在.cpp">
      <Filter>源文件</Filter>
    </ClCompile>
    <ClCompile Include="80-09-通讯录管理系统-删除联系人-功能实现.cpp">
      <Filter>源文件</Filter>
    </ClCompile>
    <ClCompile Include="81-10-通讯录管理系统-查找联系人.cpp">
      <Filter>源文件</Filter>
    </ClCompile>
    <ClCompile Include="82-11-通讯录管理系统-修改联系人.cpp">
      <Filter>源文件</Filter>
    </ClCompile>
    <ClCompile Include="83-12-通讯录管理系统-清空通讯录.cpp">
      <Filter>源文件</Filter>
    </ClCompile>
    <ClCompile Include="84-01-程序的内存模型-内存四区-代码区.cpp">
      <Filter>源文件</Filter>
    </ClCompile>
    <ClCompile Include="85-02-程序的内存模型-内存四区-全局区.cpp">
      <Filter>源文件</Filter>
    </ClCompile>
    <ClCompile Include="86-03-程序的内存模型-内存四区-栈区.cpp">
      <Filter>源文件</Filter>
    </ClCompile>
    <ClCompile Include="87-04-程序的内存模型-内存四区-堆区.cpp">
      <Filter>源文件</Filter>
    </ClCompile>
    <ClCompile Include="88-05-程序的内存模型-new运算符.cpp">
      <Filter>源文件</Filter>
    </ClCompile>
    <ClCompile Include="89-06-C++中的引用-引用的基本语法.cpp">
      <Filter>源文件</Filter>
    </ClCompile>
    <ClCompile Include="90-07-C++中的引用-引用的注意事项.cpp">
      <Filter>源文件</Filter>
    </ClCompile>
    <ClCompile Include="91-08-C++中的引用-引用做函数参数.cpp">
      <Filter>源文件</Filter>
    </ClCompile>
    <ClCompile Include="92-09-C++中的引用-引用做函数返回值.cpp">
      <Filter>源文件</Filter>
    </ClCompile>
    <ClCompile Include="93-10-C++中的引用-引用的本质.cpp">
      <Filter>源文件</Filter>
    </ClCompile>
    <ClCompile Include="94-11-C++中的引用-常量引用.cpp">
      <Filter>源文件</Filter>
    </ClCompile>
    <ClCompile Include="95-12-函数高级-函数的默认参数.cpp">
      <Filter>源文件</Filter>
    </ClCompile>
    <ClCompile Include="96-13-函数高级-函数的占位参数.cpp">
      <Filter>源文件</Filter>
    </ClCompile>
    <ClCompile Include="97-14-函数高级-函数重载-基本语法.cpp">
      <Filter>源文件</Filter>
    </ClCompile>
    <ClCompile Include="98-15-函数高级-函数重载-注意事项.cpp">
      <Filter>源文件</Filter>
    </ClCompile>
    <ClCompile Include="99-16-类和对象-封装-属性和行为作为整体.cpp">
      <Filter>源文件</Filter>
    </ClCompile>
    <ClCompile Include="100-17-类和对象-封装-案例-设计学生类.cpp">
      <Filter>源文件</Filter>
    </ClCompile>
    <ClCompile Include="101-18-类和对象-封装-访问权限.cpp">
      <Filter>源文件</Filter>
    </ClCompile>
    <ClCompile Include="9999-程序命名规则.cpp">
      <Filter>源文件</Filter>
    </ClCompile>
    <ClCompile Include="102-19-类和对象-封装-c++中class和struct的区别.cpp">
      <Filter>源文件</Filter>
    </ClCompile>
    <ClCompile Include="103-20-类和对象-封装-成员属性私有化.cpp">
      <Filter>源文件</Filter>
    </ClCompile>
    <ClCompile Include="104-21-类和对象-封装-设计案例1-立方体类.cpp">
      <Filter>源文件</Filter>
    </ClCompile>
    <ClCompile Include="105-22-类和对象-封装-设计案例2-点和圆关系.cpp">
      <Filter>源文件</Filter>
    </ClCompile>
    <ClCompile Include="105-22-类和对象-封装-设计案例2-点和圆关系function.cpp">
      <Filter>源文件</Filter>
    </ClCompile>
    <ClCompile Include="106-23-类和对象-对象特性-构造函数和析构函数.cpp">
      <Filter>源文件</Filter>
    </ClCompile>
    <ClCompile Include="107-24-类和对象-对象特性-函数的分类以及调用.cpp">
      <Filter>源文件</Filter>
    </ClCompile>
    <ClCompile Include="108-25-类和对象-对象特性-拷贝构造函数调用时机.cpp">
      <Filter>源文件</Filter>
    </ClCompile>
    <ClCompile Include="109-26-类和对象-对象特性-构造函数调用规则.cpp">
      <Filter>源文件</Filter>
    </ClCompile>
    <ClCompile Include="110-27-类和对象-对象特性-深拷贝与浅拷贝.cpp">
      <Filter>源文件</Filter>
    </ClCompile>
    <ClCompile Include="111-28-类和对象-对象特性-初始化列表.cpp">
      <Filter>源文件</Filter>
    </ClCompile>
    <ClCompile Include="112-29-类和对象-对象特性-类对象作为类成员.cpp">
      <Filter>源文件</Filter>
    </ClCompile>
    <ClCompile Include="113-30和31-类和对象-静态成员.cpp">
      <Filter>源文件</Filter>
    </ClCompile>
    <ClCompile Include="114-32-类和对象-对象特性-成员变量和成员函数分开存储.cpp">
      <Filter>源文件</Filter>
    </ClCompile>
    <ClCompile Include="115-33-类和对象-对象特性-this指针的用途.cpp">
      <Filter>源文件</Filter>
    </ClCompile>
    <ClCompile Include="116-34-类和对象-对象特性-空指针访问成员函数.cpp">
      <Filter>源文件</Filter>
    </ClCompile>
    <ClCompile Include="117-35-类和对象-对象特性-const修饰成员函数.cpp">
      <Filter>源文件</Filter>
    </ClCompile>
    <ClCompile Include="118-36-类和对象-友元-全局函数做友元.cpp">
      <Filter>源文件</Filter>
    </ClCompile>
    <ClCompile Include="119-37-类和对象-友元-友元类.cpp">
      <Filter>源文件</Filter>
    </ClCompile>
    <ClCompile Include="120-38-类和对象-友元-成员函数做友元.cpp">
      <Filter>源文件</Filter>
    </ClCompile>
    <ClCompile Include="121-39-类和对象-C++运算符重载-加号运算符重载.cpp">
      <Filter>源文件</Filter>
    </ClCompile>
    <ClCompile Include="122-40-类和对象-C++运算符重载-左移运算符重载.cpp">
      <Filter>源文件</Filter>
    </ClCompile>
    <ClCompile Include="123-41-类和对象-C++运算符重载-递增运算符重载.cpp">
      <Filter>源文件</Filter>
    </ClCompile>
    <ClCompile Include="124-42-类和对象-C++运算符重载-赋值运算符重载.cpp">
      <Filter>源文件</Filter>
    </ClCompile>
    <ClCompile Include="125-43-类和对象-C++运算符重载-关系运算符重载.cpp">
      <Filter>源文件</Filter>
    </ClCompile>
    <ClCompile Include="9998-运算符重载%28运算符函数%29.cpp">
      <Filter>源文件</Filter>
    </ClCompile>
    <ClCompile Include="126-44-类和对象-C++运算符重载-函数调用运算符重载.cpp">
      <Filter>源文件</Filter>
    </ClCompile>
    <ClCompile Include="127-45-类和对象-继承-基本语法.cpp">
      <Filter>源文件</Filter>
    </ClCompile>
    <ClCompile Include="128-46-类和对象-继承-继承方式.cpp">
      <Filter>源文件</Filter>
    </ClCompile>
    <ClCompile Include="129-47-类和对象-继承-继承中的对象模型.cpp">
      <Filter>源文件</Filter>
    </ClCompile>
    <ClCompile Include="130-48-类和对象-继承-构造和析构顺序.cpp">
      <Filter>源文件</Filter>
    </ClCompile>
    <ClCompile Include="131-49-类和对象-继承-同名成员处理.cpp">
      <Filter>源文件</Filter>
    </ClCompile>
    <ClCompile Include="132-50-类和对象-继承-同名静态成员处理.cpp">
      <Filter>源文件</Filter>
    </ClCompile>
    <ClCompile Include="133-51-类和对象-继承-多继承语法.cpp">
      <Filter>源文件</Filter>
    </ClCompile>
    <ClCompile Include="134-52-类和对象-继承-菱形继承问题以及解决方法.cpp">
      <Filter>源文件</Filter>
    </ClCompile>
    <ClCompile Include="135-53-类和对象-多态-多态的基本语法.cpp">
      <Filter>源文件</Filter>
    </ClCompile>
    <ClCompile Include="136-54-类和对象-多态-多态的原理剖析.cpp">
      <Filter>源文件</Filter>
    </ClCompile>
    <ClCompile Include="137-55-类和对象-多态-案例1-计算器类.cpp">
      <Filter>源文件</Filter>
    </ClCompile>
    <ClCompile Include="138-56-类和对象-多态-纯虚函数和抽象类.cpp">
      <Filter>源文件</Filter>
    </ClCompile>
    <ClCompile Include="139-57-类和对象-多态-案例2-制作饮品.cpp">
      <Filter>源文件</Filter>
    </ClCompile>
    <ClCompile Include="140-58-类和对象-多态-虚析构和纯虚析构.cpp">
      <Filter>源文件</Filter>
    </ClCompile>
    <ClCompile Include="141-59-类和对象-多态-案例3-电脑组装需求分析.cpp">
      <Filter>源文件</Filter>
    </ClCompile>
    <ClCompile Include="142-60-类和对象-多态-案例3-电脑组装具体实现.cpp">
      <Filter>源文件</Filter>
    </ClCompile>
    <ClCompile Include="143-61-C++文件操作-文本文件-写文件.cpp">
      <Filter>源文件</Filter>
    </ClCompile>
    <ClCompile Include="144-62-C++文件操作-文本文件-读文件.cpp">
      <Filter>源文件</Filter>
    </ClCompile>
    <ClCompile Include="145-63-C++文件操作-二进制文件-写文件.cpp">
      <Filter>源文件</Filter>
    </ClCompile>
    <ClCompile Include="146-64-C++文件操作-二进制文件-读文件.cpp">
      <Filter>源文件</Filter>
    </ClCompile>
    <ClCompile Include="147-01-职工管理系统-需求分析以及案例展示.cpp">
      <Filter>源文件</Filter>
    </ClCompile>
    <ClCompile Include="148-02-职工管理系统-创建项目.cpp">
      <Filter>源文件</Filter>
    </ClCompile>
    <ClCompile Include="149-03-职工管理系统-创建职工管理类.cpp">
      <Filter>源文件</Filter>
    </ClCompile>
    <ClCompile Include="150-04-职工管理系统-菜单功能实现.cpp">
      <Filter>源文件</Filter>
    </ClCompile>
    <ClCompile Include="151-05-职工管理系统-退出系统功能实现.cpp">
      <Filter>源文件</Filter>
    </ClCompile>
    <ClCompile Include="152-06-职工管理系统-职工抽象类和普通员工类实现.cpp">
      <Filter>源文件</Filter>
    </ClCompile>
    <ClCompile Include="153-07-职工管理系统-经理类和老板类实现.cpp">
      <Filter>源文件</Filter>
    </ClCompile>
    <ClCompile Include="154-08-职工管理系统-添加职工功能实现.cpp">
      <Filter>源文件</Filter>
    </ClCompile>
    <ClCompile Include="155-09-职工管理系统-文件交互-写文件.cpp">
      <Filter>源文件</Filter>
    </ClCompile>
    <ClCompile Include="156-10-职工管理系统-文件交互-读文件1-文件未创建.cpp">
      <Filter>源文件</Filter>
    </ClCompile>
    <ClCompile Include="157-11-职工管理系统-文件交互-读文件2-文件为空.cpp">
      <Filter>源文件</Filter>
    </ClCompile>
    <ClCompile Include="158-12-职工管理系统-文件交互-读文件3-统计人数.cpp">
      <Filter>源文件</Filter>
    </ClCompile>
    <ClCompile Include="159-13-职工管理系统-文件交互-读文件4-初始化完毕.cpp">
      <Filter>源文件</Filter>
    </ClCompile>
    <ClCompile Include="160-14-职工管理系统-显示职工功能.cpp">
      <Filter>源文件</Filter>
    </ClCompile>
    <ClCompile Include="161-15-职工管理系统-删除职工-判断职工是否存在.cpp">
      <Filter>源文件</Filter>
    </ClCompile>
    <ClCompile Include="162-16-职工管理系统-删除职工-功能实现.cpp">
      <Filter>源文件</Filter>
    </ClCompile>
    <ClCompile Include="163-17-职工管理系统-修改职工功能实现.cpp">
      <Filter>源文件</Filter>
    </ClCompile>
    <ClCompile Include="164-18-职工管理系统-查找职工功能实现.cpp">
      <Filter>源文件</Filter>
    </ClCompile>
    <ClCompile Include="165-19-职工管理系统-按照职工编号进行排序功能实现.cpp">
      <Filter>源文件</Filter>
    </ClCompile>
    <ClCompile Include="166-20-职工管理系统-清空文件实现.cpp">
      <Filter>源文件</Filter>
    </ClCompile>
    <ClCompile Include="167-01-模板-模板的概念.cpp">
      <Filter>源文件</Filter>
    </ClCompile>
    <ClCompile Include="168-02-模板-函数模板基本语法.cpp">
      <Filter>源文件</Filter>
    </ClCompile>
    <ClCompile Include="169-03-模板-函数模板注意事项.cpp">
      <Filter>源文件</Filter>
    </ClCompile>
    <ClCompile Include="9997-模板typename和class区别.cpp">
      <Filter>源文件</Filter>
    </ClCompile>
    <ClCompile Include="170-04-模板-函数模板案例-数组排序.cpp">
      <Filter>源文件</Filter>
    </ClCompile>
    <ClCompile Include="171-05-模板-普通函数与函数模板区别.cpp">
      <Filter>源文件</Filter>
    </ClCompile>
    <ClCompile Include="172-06-模板-普通函数与函数模板调用规则.cpp">
      <Filter>源文件</Filter>
    </ClCompile>
    <ClCompile Include="173-07-模板-模板的局限性.cpp">
      <Filter>源文件</Filter>
    </ClCompile>
    <ClCompile Include="174-08-模板-类模板基本语法.cpp">
      <Filter>源文件</Filter>
    </ClCompile>
    <ClCompile Include="175-09-模板-类模板与函数模板区别.cpp">
      <Filter>源文件</Filter>
    </ClCompile>
    <ClCompile Include="176-10-模板-类模板中成员函数创建时机.cpp">
      <Filter>源文件</Filter>
    </ClCompile>
    <ClCompile Include="177-11-模板-类模板对象做函数参数.cpp">
      <Filter>源文件</Filter>
    </ClCompile>
    <ClCompile Include="178-12-模板-类模板与继承.cpp">
      <Filter>源文件</Filter>
    </ClCompile>
    <ClCompile Include="179-13-模板-类模板成员函数类外实现.cpp">
      <Filter>源文件</Filter>
    </ClCompile>
    <ClCompile Include="180-14-模板-类模板分文件编写.cpp">
      <Filter>源文件</Filter>
    </ClCompile>
    <ClCompile Include="180-14-模板-类模板分文件编写function.cpp">
      <Filter>源文件</Filter>
    </ClCompile>
    <ClCompile Include="181-15-模板-类模板与友元.cpp">
      <Filter>源文件</Filter>
    </ClCompile>
    <ClCompile Include="182-16-模板-类模板案例-数组类封装的需求分析.cpp">
      <Filter>源文件</Filter>
    </ClCompile>
    <ClCompile Include="183-17-模板-类模板案例-数组类封装（上）.cpp">
      <Filter>源文件</Filter>
    </ClCompile>
    <ClCompile Include="184-18-模板-类模板案例-数组类封装.cpp">
      <Filter>源文件</Filter>
    </ClCompile>
    <ClCompile Include="184-18-模板-类模板案例-数组类封装（下）.cpp">
      <Filter>源文件</Filter>
    </ClCompile>
    <ClCompile Include="185-19-STL初识-STL的基本概念.cpp">
      <Filter>源文件</Filter>
    </ClCompile>
    <ClCompile Include="186-20-STL初识-vector存放内置数据类型.cpp">
      <Filter>源文件</Filter>
    </ClCompile>
    <ClCompile Include="187-21-STL初识-vector存放自定义数据类型.cpp">
      <Filter>源文件</Filter>
    </ClCompile>
    <ClCompile Include="9996-人物名字.cpp">
      <Filter>源文件</Filter>
    </ClCompile>
    <ClCompile Include="188-22-STL初识-容器嵌套容器.cpp">
      <Filter>源文件</Filter>
    </ClCompile>
    <ClCompile Include="9995-C++迭代器（STL迭代器）iterator详解.cpp">
      <Filter>源文件</Filter>
    </ClCompile>
    <ClCompile Include="189-23-string容器-构造函数.cpp">
      <Filter>源文件</Filter>
    </ClCompile>
    <ClCompile Include="190-24-string容器-赋值操作.cpp">
      <Filter>源文件</Filter>
    </ClCompile>
    <ClCompile Include="191-25-string容器-字符串拼接.cpp">
      <Filter>源文件</Filter>
    </ClCompile>
    <ClCompile Include="192-26-string容器-字符串查找和替换.cpp">
      <Filter>源文件</Filter>
    </ClCompile>
    <ClCompile Include="193-27-string容器-字符串比较.cpp">
      <Filter>源文件</Filter>
    </ClCompile>
    <ClCompile Include="194-28-string容器-字符存取.cpp">
      <Filter>源文件</Filter>
    </ClCompile>
    <ClCompile Include="195-29-string容器-字符串插入和删除.cpp">
      <Filter>源文件</Filter>
    </ClCompile>
    <ClCompile Include="196-30-string容器-子串获取.cpp">
      <Filter>源文件</Filter>
    </ClCompile>
    <ClCompile Include="197-31-vector容器-构造函数.cpp">
      <Filter>源文件</Filter>
    </ClCompile>
    <ClCompile Include="198-32-vector容器-赋值操作.cpp">
      <Filter>源文件</Filter>
    </ClCompile>
    <ClCompile Include="199-33-vector容器-容量和大小.cpp">
      <Filter>源文件</Filter>
    </ClCompile>
    <ClCompile Include="200-34-vector容器-插入和删除.cpp">
      <Filter>源文件</Filter>
    </ClCompile>
    <ClCompile Include="201-35-vector容器-数据存取.cpp">
      <Filter>源文件</Filter>
    </ClCompile>
    <ClCompile Include="202-36-vector容器-互换容器.cpp">
      <Filter>源文件</Filter>
    </ClCompile>
    <ClCompile Include="203-37-vector容器-预留空间.cpp">
      <Filter>源文件</Filter>
    </ClCompile>
    <ClCompile Include="204-38-deque容器-构造函数.cpp">
      <Filter>源文件</Filter>
    </ClCompile>
    <ClCompile Include="205-39-deque容器-赋值操作.cpp">
      <Filter>源文件</Filter>
    </ClCompile>
    <ClCompile Include="206-40-deque容器-大小操作.cpp">
      <Filter>源文件</Filter>
    </ClCompile>
    <ClCompile Include="207-41-deque容器-插入和删除.cpp">
      <Filter>源文件</Filter>
    </ClCompile>
    <ClCompile Include="208-42-deque容器-数据存取.cpp">
      <Filter>源文件</Filter>
    </ClCompile>
    <ClCompile Include="209-43-deque容器-排序操作.cpp">
      <Filter>源文件</Filter>
    </ClCompile>
    <ClCompile Include="210-44-STL案例1-评委打分.cpp">
      <Filter>源文件</Filter>
    </ClCompile>
    <ClCompile Include="211-45-stack容器-基本概念.cpp">
      <Filter>源文件</Filter>
    </ClCompile>
    <ClCompile Include="9994-栈和堆的生长方向.cpp">
      <Filter>源文件</Filter>
    </ClCompile>
    <ClCompile Include="212-46-stack容器-常用接口.cpp">
      <Filter>源文件</Filter>
    </ClCompile>
    <ClCompile Include="213-47-queue容器-基本概念.cpp">
      <Filter>源文件</Filter>
    </ClCompile>
    <ClCompile Include="214-48-queue容器-常用接口.cpp">
      <Filter>源文件</Filter>
    </ClCompile>
    <ClCompile Include="215-49-list容器-基本概念.cpp">
      <Filter>源文件</Filter>
    </ClCompile>
    <ClCompile Include="216-50-list容器-构造函数.cpp">
      <Filter>源文件</Filter>
    </ClCompile>
    <ClCompile Include="217-51-list容器-赋值和交换.cpp">
      <Filter>源文件</Filter>
    </ClCompile>
    <ClCompile Include="218-52-list容器-大小操作.cpp">
      <Filter>源文件</Filter>
    </ClCompile>
    <ClCompile Include="219-53-list容器-插入和删除.cpp">
      <Filter>源文件</Filter>
    </ClCompile>
    <ClCompile Include="220-54-list容器-数据存取.cpp">
      <Filter>源文件</Filter>
    </ClCompile>
    <ClCompile Include="221-55-list容器-反转和排序.cpp">
      <Filter>源文件</Filter>
    </ClCompile>
  </ItemGroup>
  <ItemGroup>
    <ClInclude Include="Function.h">
      <Filter>头文件</Filter>
    </ClInclude>
    <ClInclude Include="55-函数-函数的分文件编写.h">
      <Filter>头文件</Filter>
    </ClInclude>
    <ClInclude Include="105-22-类和对象-封装-设计案例2-点和圆关系.h">
      <Filter>头文件</Filter>
    </ClInclude>
    <ClInclude Include="180-14-模板-类模板分文件编写.h">
      <Filter>头文件</Filter>
    </ClInclude>
    <ClInclude Include="180-14-模板-类模板分文件编写.hpp">
      <Filter>头文件</Filter>
    </ClInclude>
    <ClInclude Include="184-18-模板-类模板案例-数组类封装myArray.hpp">
      <Filter>头文件</Filter>
    </ClInclude>
  </ItemGroup>
</Project>